# THIS IS AN AUTOGENERATED FILE. DO NOT EDIT THIS FILE DIRECTLY.
# yarn lockfile v1


bindings@~1.3.0:
  version "1.3.0"
  resolved "https://registry.yarnpkg.com/bindings/-/bindings-1.3.0.tgz#b346f6ecf6a95f5a815c5839fc7cdb22502f1ed7"

epoll@~1.0.2:
  version "1.0.2"
  resolved "https://registry.yarnpkg.com/epoll/-/epoll-1.0.2.tgz#d7d913e3fbdaf4315bd029ceecf9dc6487713b57"
  dependencies:
    bindings "~1.3.0"
    nan "~2.8.0"

nan@~2.8.0:
  version "2.8.0"
  resolved "https://registry.yarnpkg.com/nan/-/nan-2.8.0.tgz#ed715f3fe9de02b57a5e6252d90a96675e1f085a"

onoff@^1.2.0:
  version "1.2.0"
  resolved "https://registry.yarnpkg.com/onoff/-/onoff-1.2.0.tgz#f642d4e040cd57f63cac5bcee226b573a5795d12"
  dependencies:
    epoll "~1.0.2"
